// !$*UTF8*$!
{
	archiveVersion = 1;
	classes = {
	};
	objectVersion = 46;
	objects = {

/* Begin PBXBuildFile section */
		05B51B5D1F0DE0BF0042B250 /* AppDelegate.swift in Sources */ = {isa = PBXBuildFile; fileRef = 05B51B5C1F0DE0BF0042B250 /* AppDelegate.swift */; };
		05B51B5F1F0DE0BF0042B250 /* ViewController.swift in Sources */ = {isa = PBXBuildFile; fileRef = 05B51B5E1F0DE0BF0042B250 /* ViewController.swift */; };
		05B51B621F0DE0BF0042B250 /* Main.storyboard in Resources */ = {isa = PBXBuildFile; fileRef = 05B51B601F0DE0BF0042B250 /* Main.storyboard */; };
		05B51B641F0DE0BF0042B250 /* Assets.xcassets in Resources */ = {isa = PBXBuildFile; fileRef = 05B51B631F0DE0BF0042B250 /* Assets.xcassets */; };
		05B51B671F0DE0BF0042B250 /* LaunchScreen.storyboard in Resources */ = {isa = PBXBuildFile; fileRef = 05B51B651F0DE0BF0042B250 /* LaunchScreen.storyboard */; };
		05B51B721F0DE0BF0042B250 /* PitchPerfectTests.swift in Sources */ = {isa = PBXBuildFile; fileRef = 05B51B711F0DE0BF0042B250 /* PitchPerfectTests.swift */; };
		05B51B7D1F0DE0BF0042B250 /* PitchPerfectUITests.swift in Sources */ = {isa = PBXBuildFile; fileRef = 05B51B7C1F0DE0BF0042B250 /* PitchPerfectUITests.swift */; };
/* End PBXBuildFile section */

/* Begin PBXContainerItemProxy section */
		05B51B6E1F0DE0BF0042B250 /* PBXContainerItemProxy */ = {
			isa = PBXContainerItemProxy;
			containerPortal = 05B51B511F0DE0BF0042B250 /* Project object */;
			proxyType = 1;
			remoteGlobalIDString = 05B51B581F0DE0BF0042B250;
			remoteInfo = PitchPerfect;
		};
		05B51B791F0DE0BF0042B250 /* PBXContainerItemProxy */ = {
			isa = PBXContainerItemProxy;
			containerPortal = 05B51B511F0DE0BF0042B250 /* Project object */;
			proxyType = 1;
			remoteGlobalIDString = 05B51B581F0DE0BF0042B250;
			remoteInfo = PitchPerfect;
		};
/* End PBXContainerItemProxy section */

/* Begin PBXFileReference section */
		05B51B591F0DE0BF0042B250 /* PitchPerfect.app */ = {isa = PBXFileReference; explicitFileType = wrapper.application; includeInIndex = 0; path = PitchPerfect.app; sourceTree = BUILT_PRODUCTS_DIR; };
		05B51B5C1F0DE0BF0042B250 /* AppDelegate.swift */ = {isa = PBXFileReference; lastKnownFileType = sourcecode.swift; path = AppDelegate.swift; sourceTree = "<group>"; };
		05B51B5E1F0DE0BF0042B250 /* ViewController.swift */ = {isa = PBXFileReference; lastKnownFileType = sourcecode.swift; path = ViewController.swift; sourceTree = "<group>"; };
		05B51B611F0DE0BF0042B250 /* Base */ = {isa = PBXFileReference; lastKnownFileType = file.storyboard; name = Base; path = Base.lproj/Main.storyboard; sourceTree = "<group>"; };
		05B51B631F0DE0BF0042B250 /* Assets.xcassets */ = {isa = PBXFileReference; lastKnownFileType = folder.assetcatalog; path = Assets.xcassets; sourceTree = "<group>"; };
		05B51B661F0DE0BF0042B250 /* Base */ = {isa = PBXFileReference; lastKnownFileType = file.storyboard; name = Base; path = Base.lproj/LaunchScreen.storyboard; sourceTree = "<group>"; };
		05B51B681F0DE0BF0042B250 /* Info.plist */ = {isa = PBXFileReference; lastKnownFileType = text.plist.xml; path = Info.plist; sourceTree = "<group>"; };
		05B51B6D1F0DE0BF0042B250 /* PitchPerfectTests.xctest */ = {isa = PBXFileReference; explicitFileType = wrapper.cfbundle; includeInIndex = 0; path = PitchPerfectTests.xctest; sourceTree = BUILT_PRODUCTS_DIR; };
		05B51B711F0DE0BF0042B250 /* PitchPerfectTests.swift */ = {isa = PBXFileReference; lastKnownFileType = sourcecode.swift; path = PitchPerfectTests.swift; sourceTree = "<group>"; };
		05B51B731F0DE0BF0042B250 /* Info.plist */ = {isa = PBXFileReference; lastKnownFileType = text.plist.xml; path = Info.plist; sourceTree = "<group>"; };
		05B51B781F0DE0BF0042B250 /* PitchPerfectUITests.xctest */ = {isa = PBXFileReference; explicitFileType = wrapper.cfbundle; includeInIndex = 0; path = PitchPerfectUITests.xctest; sourceTree = BUILT_PRODUCTS_DIR; };
		05B51B7C1F0DE0BF0042B250 /* PitchPerfectUITests.swift */ = {isa = PBXFileReference; lastKnownFileType = sourcecode.swift; path = PitchPerfectUITests.swift; sourceTree = "<group>"; };
		05B51B7E1F0DE0BF0042B250 /* Info.plist */ = {isa = PBXFileReference; lastKnownFileType = text.plist.xml; path = Info.plist; sourceTree = "<group>"; };
/* End PBXFileReference section */

/* Begin PBXFrameworksBuildPhase section */
		05B51B561F0DE0BF0042B250 /* Frameworks */ = {
			isa = PBXFrameworksBuildPhase;
			buildActionMask = 2147483647;
			files = (
			);
			runOnlyForDeploymentPostprocessing = 0;
		};
		05B51B6A1F0DE0BF0042B250 /* Frameworks */ = {
			isa = PBXFrameworksBuildPhase;
			buildActionMask = 2147483647;
			files = (
			);
			runOnlyForDeploymentPostprocessing = 0;
		};
		05B51B751F0DE0BF0042B250 /* Frameworks */ = {
			isa = PBXFrameworksBuildPhase;
			buildActionMask = 2147483647;
			files = (
			);
			runOnlyForDeploymentPostprocessing = 0;
		};
/* End PBXFrameworksBuildPhase section */

/* Begin PBXGroup section */
		05B51B501F0DE0BF0042B250 = {
			isa = PBXGroup;
			children = (
				05B51B5B1F0DE0BF0042B250 /* PitchPerfect */,
				05B51B701F0DE0BF0042B250 /* PitchPerfectTests */,
				05B51B7B1F0DE0BF0042B250 /* PitchPerfectUITests */,
				05B51B5A1F0DE0BF0042B250 /* Products */,
			);
			sourceTree = "<group>";
		};
		05B51B5A1F0DE0BF0042B250 /* Products */ = {
			isa = PBXGroup;
			children = (
				05B51B591F0DE0BF0042B250 /* PitchPerfect.app */,
				05B51B6D1F0DE0BF0042B250 /* PitchPerfectTests.xctest */,
				05B51B781F0DE0BF0042B250 /* PitchPerfectUITests.xctest */,
			);
			name = Products;
			sourceTree = "<group>";
		};
		05B51B5B1F0DE0BF0042B250 /* PitchPerfect */ = {
			isa = PBXGroup;
			children = (
				05B51B5C1F0DE0BF0042B250 /* AppDelegate.swift */,
				05B51B5E1F0DE0BF0042B250 /* ViewController.swift */,
				05B51B601F0DE0BF0042B250 /* Main.storyboard */,
				05B51B631F0DE0BF0042B250 /* Assets.xcassets */,
				05B51B651F0DE0BF0042B250 /* LaunchScreen.storyboard */,
				05B51B681F0DE0BF0042B250 /* Info.plist */,
			);
			path = PitchPerfect;
			sourceTree = "<group>";
		};
		05B51B701F0DE0BF0042B250 /* PitchPerfectTests */ = {
			isa = PBXGroup;
			children = (
				05B51B711F0DE0BF0042B250 /* PitchPerfectTests.swift */,
				05B51B731F0DE0BF0042B250 /* Info.plist */,
			);
			path = PitchPerfectTests;
			sourceTree = "<group>";
		};
		05B51B7B1F0DE0BF0042B250 /* PitchPerfectUITests */ = {
			isa = PBXGroup;
			children = (
				05B51B7C1F0DE0BF0042B250 /* PitchPerfectUITests.swift */,
				05B51B7E1F0DE0BF0042B250 /* Info.plist */,
			);
			path = PitchPerfectUITests;
			sourceTree = "<group>";
		};
/* End PBXGroup section */

/* Begin PBXNativeTarget section */
		05B51B581F0DE0BF0042B250 /* PitchPerfect */ = {
			isa = PBXNativeTarget;
			buildConfigurationList = 05B51B811F0DE0BF0042B250 /* Build configuration list for PBXNativeTarget "PitchPerfect" */;
			buildPhases = (
				05B51B551F0DE0BF0042B250 /* Sources */,
				05B51B561F0DE0BF0042B250 /* Frameworks */,
				05B51B571F0DE0BF0042B250 /* Resources */,
			);
			buildRules = (
			);
			dependencies = (
			);
			name = PitchPerfect;
			productName = PitchPerfect;
			productReference = 05B51B591F0DE0BF0042B250 /* PitchPerfect.app */;
			productType = "com.apple.product-type.application";
		};
		05B51B6C1F0DE0BF0042B250 /* PitchPerfectTests */ = {
			isa = PBXNativeTarget;
			buildConfigurationList = 05B51B841F0DE0BF0042B250 /* Build configuration list for PBXNativeTarget "PitchPerfectTests" */;
			buildPhases = (
				05B51B691F0DE0BF0042B250 /* Sources */,
				05B51B6A1F0DE0BF0042B250 /* Frameworks */,
				05B51B6B1F0DE0BF0042B250 /* Resources */,
			);
			buildRules = (
			);
			dependencies = (
				05B51B6F1F0DE0BF0042B250 /* PBXTargetDependency */,
			);
			name = PitchPerfectTests;
			productName = PitchPerfectTests;
			productReference = 05B51B6D1F0DE0BF0042B250 /* PitchPerfectTests.xctest */;
			productType = "com.apple.product-type.bundle.unit-test";
		};
		05B51B771F0DE0BF0042B250 /* PitchPerfectUITests */ = {
			isa = PBXNativeTarget;
			buildConfigurationList = 05B51B871F0DE0BF0042B250 /* Build configuration list for PBXNativeTarget "PitchPerfectUITests" */;
			buildPhases = (
				05B51B741F0DE0BF0042B250 /* Sources */,
				05B51B751F0DE0BF0042B250 /* Frameworks */,
				05B51B761F0DE0BF0042B250 /* Resources */,
			);
			buildRules = (
			);
			dependencies = (
				05B51B7A1F0DE0BF0042B250 /* PBXTargetDependency */,
			);
			name = PitchPerfectUITests;
			productName = PitchPerfectUITests;
			productReference = 05B51B781F0DE0BF0042B250 /* PitchPerfectUITests.xctest */;
			productType = "com.apple.product-type.bundle.ui-testing";
		};
/* End PBXNativeTarget section */

/* Begin PBXProject section */
		05B51B511F0DE0BF0042B250 /* Project object */ = {
			isa = PBXProject;
			attributes = {
				LastSwiftUpdateCheck = 0830;
				LastUpgradeCheck = 0830;
				ORGANIZATIONNAME = "Dean Hermanudin";
				TargetAttributes = {
					05B51B581F0DE0BF0042B250 = {
						CreatedOnToolsVersion = 8.3.3;
						ProvisioningStyle = Automatic;
					};
					05B51B6C1F0DE0BF0042B250 = {
						CreatedOnToolsVersion = 8.3.3;
						ProvisioningStyle = Automatic;
						TestTargetID = 05B51B581F0DE0BF0042B250;
					};
					05B51B771F0DE0BF0042B250 = {
						CreatedOnToolsVersion = 8.3.3;
						ProvisioningStyle = Automatic;
						TestTargetID = 05B51B581F0DE0BF0042B250;
					};
				};
			};
			buildConfigurationList = 05B51B541F0DE0BF0042B250 /* Build configuration list for PBXProject "PitchPerfect" */;
			compatibilityVersion = "Xcode 3.2";
			developmentRegion = English;
			hasScannedForEncodings = 0;
			knownRegions = (
				en,
				Base,
			);
			mainGroup = 05B51B501F0DE0BF0042B250;
			productRefGroup = 05B51B5A1F0DE0BF0042B250 /* Products */;
			projectDirPath = "";
			projectRoot = "";
			targets = (
				05B51B581F0DE0BF0042B250 /* PitchPerfect */,
				05B51B6C1F0DE0BF0042B250 /* PitchPerfectTests */,
				05B51B771F0DE0BF0042B250 /* PitchPerfectUITests */,
			);
		};
/* End PBXProject section */

/* Begin PBXResourcesBuildPhase section */
		05B51B571F0DE0BF0042B250 /* Resources */ = {
			isa = PBXResourcesBuildPhase;
			buildActionMask = 2147483647;
			files = (
				05B51B671F0DE0BF0042B250 /* LaunchScreen.storyboard in Resources */,
				05B51B641F0DE0BF0042B250 /* Assets.xcassets in Resources */,
				05B51B621F0DE0BF0042B250 /* Main.storyboard in Resources */,
			);
			runOnlyForDeploymentPostprocessing = 0;
		};
		05B51B6B1F0DE0BF0042B250 /* Resources */ = {
			isa = PBXResourcesBuildPhase;
			buildActionMask = 2147483647;
			files = (
			);
			runOnlyForDeploymentPostprocessing = 0;
		};
		05B51B761F0DE0BF0042B250 /* Resources */ = {
			isa = PBXResourcesBuildPhase;
			buildActionMask = 2147483647;
			files = (
			);
			runOnlyForDeploymentPostprocessing = 0;
		};
/* End PBXResourcesBuildPhase section */

/* Begin PBXSourcesBuildPhase section */
		05B51B551F0DE0BF0042B250 /* Sources */ = {
			isa = PBXSourcesBuildPhase;
			buildActionMask = 2147483647;
			files = (
				05B51B5F1F0DE0BF0042B250 /* ViewController.swift in Sources */,
				05B51B5D1F0DE0BF0042B250 /* AppDelegate.swift in Sources */,
			);
			runOnlyForDeploymentPostprocessing = 0;
		};
		05B51B691F0DE0BF0042B250 /* Sources */ = {
			isa = PBXSourcesBuildPhase;
			buildActionMask = 2147483647;
			files = (
				05B51B721F0DE0BF0042B250 /* PitchPerfectTests.swift in Sources */,
			);
			runOnlyForDeploymentPostprocessing = 0;
		};
		05B51B741F0DE0BF0042B250 /* Sources */ = {
			isa = PBXSourcesBuildPhase;
			buildActionMask = 2147483647;
			files = (
				05B51B7D1F0DE0BF0042B250 /* PitchPerfectUITests.swift in Sources */,
			);
			runOnlyForDeploymentPostprocessing = 0;
		};
/* End PBXSourcesBuildPhase section */

/* Begin PBXTargetDependency section */
		05B51B6F1F0DE0BF0042B250 /* PBXTargetDependency */ = {
			isa = PBXTargetDependency;
			target = 05B51B581F0DE0BF0042B250 /* PitchPerfect */;
			targetProxy = 05B51B6E1F0DE0BF0042B250 /* PBXContainerItemProxy */;
		};
		05B51B7A1F0DE0BF0042B250 /* PBXTargetDependency */ = {
			isa = PBXTargetDependency;
			target = 05B51B581F0DE0BF0042B250 /* PitchPerfect */;
			targetProxy = 05B51B791F0DE0BF0042B250 /* PBXContainerItemProxy */;
		};
/* End PBXTargetDependency section */

/* Begin PBXVariantGroup section */
		05B51B601F0DE0BF0042B250 /* Main.storyboard */ = {
			isa = PBXVariantGroup;
			children = (
				05B51B611F0DE0BF0042B250 /* Base */,
			);
			name = Main.storyboard;
			sourceTree = "<group>";
		};
		05B51B651F0DE0BF0042B250 /* LaunchScreen.storyboard */ = {
			isa = PBXVariantGroup;
			children = (
				05B51B661F0DE0BF0042B250 /* Base */,
			);
			name = LaunchScreen.storyboard;
			sourceTree = "<group>";
		};
/* End PBXVariantGroup section */

/* Begin XCBuildConfiguration section */
		05B51B7F1F0DE0BF0042B250 /* Debug */ = {
			isa = XCBuildConfiguration;
			buildSettings = {
				ALWAYS_SEARCH_USER_PATHS = NO;
				CLANG_ANALYZER_NONNULL = YES;
				CLANG_ANALYZER_NUMBER_OBJECT_CONVERSION = YES_AGGRESSIVE;
				CLANG_CXX_LANGUAGE_STANDARD = "gnu++0x";
				CLANG_CXX_LIBRARY = "libc++";
				CLANG_ENABLE_MODULES = YES;
				CLANG_ENABLE_OBJC_ARC = YES;
				CLANG_WARN_BOOL_CONVERSION = YES;
				CLANG_WARN_CONSTANT_CONVERSION = YES;
				CLANG_WARN_DIRECT_OBJC_ISA_USAGE = YES_ERROR;
				CLANG_WARN_DOCUMENTATION_COMMENTS = YES;
				CLANG_WARN_EMPTY_BODY = YES;
				CLANG_WARN_ENUM_CONVERSION = YES;
				CLANG_WARN_INFINITE_RECURSION = YES;
				CLANG_WARN_INT_CONVERSION = YES;
				CLANG_WARN_OBJC_ROOT_CLASS = YES_ERROR;
				CLANG_WARN_SUSPICIOUS_MOVE = YES;
				CLANG_WARN_UNREACHABLE_CODE = YES;
				CLANG_WARN__DUPLICATE_METHOD_MATCH = YES;
				"CODE_SIGN_IDENTITY[sdk=iphoneos*]" = "iPhone Developer";
				COPY_PHASE_STRIP = NO;
				DEBUG_INFORMATION_FORMAT = dwarf;
				ENABLE_STRICT_OBJC_MSGSEND = YES;
				ENABLE_TESTABILITY = YES;
				GCC_C_LANGUAGE_STANDARD = gnu99;
				GCC_DYNAMIC_NO_PIC = NO;
				GCC_NO_COMMON_BLOCKS = YES;
				GCC_OPTIMIZATION_LEVEL = 0;
				GCC_PREPROCESSOR_DEFINITIONS = (
					"DEBUG=1",
					"$(inherited)",
				);
				GCC_WARN_64_TO_32_BIT_CONVERSION = YES;
				GCC_WARN_ABOUT_RETURN_TYPE = YES_ERROR;
				GCC_WARN_UNDECLARED_SELECTOR = YES;
				GCC_WARN_UNINITIALIZED_AUTOS = YES_AGGRESSIVE;
				GCC_WARN_UNUSED_FUNCTION = YES;
				GCC_WARN_UNUSED_VARIABLE = YES;
				IPHONEOS_DEPLOYMENT_TARGET = 10.3;
				MTL_ENABLE_DEBUG_INFO = YES;
				ONLY_ACTIVE_ARCH = YES;
				SDKROOT = iphoneos;
				SWIFT_ACTIVE_COMPILATION_CONDITIONS = DEBUG;
				SWIFT_OPTIMIZATION_LEVEL = "-Onone";
				TARGETED_DEVICE_FAMILY = "1,2";
			};
			name = Debug;
		};
		05B51B801F0DE0BF0042B250 /* Release */ = {
			isa = XCBuildConfiguration;
			buildSettings = {
				ALWAYS_SEARCH_USER_PATHS = NO;
				CLANG_ANALYZER_NONNULL = YES;
				CLANG_ANALYZER_NUMBER_OBJECT_CONVERSION = YES_AGGRESSIVE;
				CLANG_CXX_LANGUAGE_STANDARD = "gnu++0x";
				CLANG_CXX_LIBRARY = "libc++";
				CLANG_ENABLE_MODULES = YES;
				CLANG_ENABLE_OBJC_ARC = YES;
				CLANG_WARN_BOOL_CONVERSION = YES;
				CLANG_WARN_CONSTANT_CONVERSION = YES;
				CLANG_WARN_DIRECT_OBJC_ISA_USAGE = YES_ERROR;
				CLANG_WARN_DOCUMENTATION_COMMENTS = YES;
				CLANG_WARN_EMPTY_BODY = YES;
				CLANG_WARN_ENUM_CONVERSION = YES;
				CLANG_WARN_INFINITE_RECURSION = YES;
				CLANG_WARN_INT_CONVERSION = YES;
				CLANG_WARN_OBJC_ROOT_CLASS = YES_ERROR;
				CLANG_WARN_SUSPICIOUS_MOVE = YES;
				CLANG_WARN_UNREACHABLE_CODE = YES;
				CLANG_WARN__DUPLICATE_METHOD_MATCH = YES;
				"CODE_SIGN_IDENTITY[sdk=iphoneos*]" = "iPhone Developer";
				COPY_PHASE_STRIP = NO;
				DEBUG_INFORMATION_FORMAT = "dwarf-with-dsym";
				ENABLE_NS_ASSERTIONS = NO;
				ENABLE_STRICT_OBJC_MSGSEND = YES;
				GCC_C_LANGUAGE_STANDARD = gnu99;
				GCC_NO_COMMON_BLOCKS = YES;
				GCC_WARN_64_TO_32_BIT_CONVERSION = YES;
				GCC_WARN_ABOUT_RETURN_TYPE = YES_ERROR;
				GCC_WARN_UNDECLARED_SELECTOR = YES;
				GCC_WARN_UNINITIALIZED_AUTOS = YES_AGGRESSIVE;
				GCC_WARN_UNUSED_FUNCTION = YES;
				GCC_WARN_UNUSED_VARIABLE = YES;
				IPHONEOS_DEPLOYMENT_TARGET = 10.3;
				MTL_ENABLE_DEBUG_INFO = NO;
				SDKROOT = iphoneos;
				SWIFT_OPTIMIZATION_LEVEL = "-Owholemodule";
				TARGETED_DEVICE_FAMILY = "1,2";
				VALIDATE_PRODUCT = YES;
			};
			name = Release;
		};
		05B51B821F0DE0BF0042B250 /* Debug */ = {
			isa = XCBuildConfiguration;
			buildSettings = {
				ASSETCATALOG_COMPILER_APPICON_NAME = AppIcon;
				INFOPLIST_FILE = PitchPerfect/Info.plist;
				LD_RUNPATH_SEARCH_PATHS = "$(inherited) @executable_path/Frameworks";
				PRODUCT_BUNDLE_IDENTIFIER = Life360.PitchPerfect;
				PRODUCT_NAME = "$(TARGET_NAME)";
				SWIFT_VERSION = 3.0;
			};
			name = Debug;
		};
		05B51B831F0DE0BF0042B250 /* Release */ = {
			isa = XCBuildConfiguration;
			buildSettings = {
				ASSETCATALOG_COMPILER_APPICON_NAME = AppIcon;
				INFOPLIST_FILE = PitchPerfect/Info.plist;
				LD_RUNPATH_SEARCH_PATHS = "$(inherited) @executable_path/Frameworks";
				PRODUCT_BUNDLE_IDENTIFIER = Life360.PitchPerfect;
				PRODUCT_NAME = "$(TARGET_NAME)";
				SWIFT_VERSION = 3.0;
			};
			name = Release;
		};
		05B51B851F0DE0BF0042B250 /* Debug */ = {
			isa = XCBuildConfiguration;
			buildSettings = {
				ALWAYS_EMBED_SWIFT_STANDARD_LIBRARIES = YES;
				BUNDLE_LOADER = "$(TEST_HOST)";
				INFOPLIST_FILE = PitchPerfectTests/Info.plist;
				LD_RUNPATH_SEARCH_PATHS = "$(inherited) @executable_path/Frameworks @loader_path/Frameworks";
				PRODUCT_BUNDLE_IDENTIFIER = Life360.PitchPerfectTests;
				PRODUCT_NAME = "$(TARGET_NAME)";
				SWIFT_VERSION = 3.0;
				TEST_HOST = "$(BUILT_PRODUCTS_DIR)/PitchPerfect.app/PitchPerfect";
			};
			name = Debug;
		};
		05B51B861F0DE0BF0042B250 /* Release */ = {
			isa = XCBuildConfiguration;
			buildSettings = {
				ALWAYS_EMBED_SWIFT_STANDARD_LIBRARIES = YES;
				BUNDLE_LOADER = "$(TEST_HOST)";
				INFOPLIST_FILE = PitchPerfectTests/Info.plist;
				LD_RUNPATH_SEARCH_PATHS = "$(inherited) @executable_path/Frameworks @loader_path/Frameworks";
				PRODUCT_BUNDLE_IDENTIFIER = Life360.PitchPerfectTests;
				PRODUCT_NAME = "$(TARGET_NAME)";
				SWIFT_VERSION = 3.0;
				TEST_HOST = "$(BUILT_PRODUCTS_DIR)/PitchPerfect.app/PitchPerfect";
			};
			name = Release;
		};
		05B51B881F0DE0BF0042B250 /* Debug */ = {
			isa = XCBuildConfiguration;
			buildSettings = {
				ALWAYS_EMBED_SWIFT_STANDARD_LIBRARIES = YES;
				INFOPLIST_FILE = PitchPerfectUITests/Info.plist;
				LD_RUNPATH_SEARCH_PATHS = "$(inherited) @executable_path/Frameworks @loader_path/Frameworks";
				PRODUCT_BUNDLE_IDENTIFIER = Life360.PitchPerfectUITests;
				PRODUCT_NAME = "$(TARGET_NAME)";
				SWIFT_VERSION = 3.0;
				TEST_TARGET_NAME = PitchPerfect;
			};
			name = Debug;
		};
		05B51B891F0DE0BF0042B250 /* Release */ = {
			isa = XCBuildConfiguration;
			buildSettings = {
				ALWAYS_EMBED_SWIFT_STANDARD_LIBRARIES = YES;
				INFOPLIST_FILE = PitchPerfectUITests/Info.plist;
				LD_RUNPATH_SEARCH_PATHS = "$(inherited) @executable_path/Frameworks @loader_path/Frameworks";
				PRODUCT_BUNDLE_IDENTIFIER = Life360.PitchPerfectUITests;
				PRODUCT_NAME = "$(TARGET_NAME)";
				SWIFT_VERSION = 3.0;
				TEST_TARGET_NAME = PitchPerfect;
			};
			name = Release;
		};
/* End XCBuildConfiguration section */

/* Begin XCConfigurationList section */
		05B51B541F0DE0BF0042B250 /* Build configuration list for PBXProject "PitchPerfect" */ = {
			isa = XCConfigurationList;
			buildConfigurations = (
				05B51B7F1F0DE0BF0042B250 /* Debug */,
				05B51B801F0DE0BF0042B250 /* Release */,
			);
			defaultConfigurationIsVisible = 0;
			defaultConfigurationName = Release;
		};
		05B51B811F0DE0BF0042B250 /* Build configuration list for PBXNativeTarget "PitchPerfect" */ = {
			isa = XCConfigurationList;
			buildConfigurations = (
				05B51B821F0DE0BF0042B250 /* Debug */,
				05B51B831F0DE0BF0042B250 /* Release */,
			);
			defaultConfigurationIsVisible = 0;
		};
		05B51B841F0DE0BF0042B250 /* Build configuration list for PBXNativeTarget "PitchPerfectTests" */ = {
			isa = XCConfigurationList;
			buildConfigurations = (
				05B51B851F0DE0BF0042B250 /* Debug */,
				05B51B861F0DE0BF0042B250 /* Release */,
			);
			defaultConfigurationIsVisible = 0;
		};
		05B51B871F0DE0BF0042B250 /* Build configuration list for PBXNativeTarget "PitchPerfectUITests" */ = {
			isa = XCConfigurationList;
			buildConfigurations = (
				05B51B881F0DE0BF0042B250 /* Debug */,
				05B51B891F0DE0BF0042B250 /* Release */,
			);
			defaultConfigurationIsVisible = 0;
		};
/* End XCConfigurationList section */
	};
	rootObject = 05B51B511F0DE0BF0042B250 /* Project object */;
}
